
Microsoft Visual Studio Solution File, Format Version 12.00
# Visual Studio Version 17
VisualStudioVersion = 17.14.36511.14
MinimumVisualStudioVersion = 10.0.40219.1
Project("{FAE04EC0-301F-11D3-BF4B-00C04F79EFBC}") = "Hedger.Core", "Hedger.Core\Hedger.Core.csproj", "{6CCEE4AD-2ED7-47DB-9490-FED82C39168A}"
EndProject
Project("{FAE04EC0-301F-11D3-BF4B-00C04F79EFBC}") = "Hedger.Console", "Hedger.Console\Hedger.Console.csproj", "{C7D24714-0444-485B-8A1E-D5997AFD8D7F}"
EndProject
Project("{FAE04EC0-301F-11D3-BF4B-00C04F79EFBC}") = "Hedger.Api", "Hedger.Api\Hedger.Api.csproj", "{BE5F0A2B-D6A2-44E3-8C2B-4E2ADB59C2A9}"
EndProject
Project("{FAE04EC0-301F-11D3-BF4B-00C04F79EFBC}") = "Hedger.Tests", "Hedger.Tests\Hedger.Tests.csproj", "{D430C83F-43DC-452A-ABB2-59813A4C7FE3}"
EndProject
Global
	GlobalSection(SolutionConfigurationPlatforms) = preSolution
		Debug|Any CPU = Debug|Any CPU
		Release|Any CPU = Release|Any CPU
	EndGlobalSection
	GlobalSection(ProjectConfigurationPlatforms) = postSolution
		{6CCEE4AD-2ED7-47DB-9490-FED82C39168A}.Debug|Any CPU.ActiveCfg = Debug|Any CPU
		{6CCEE4AD-2ED7-47DB-9490-FED82C39168A}.Debug|Any CPU.Build.0 = Debug|Any CPU
		{6CCEE4AD-2ED7-47DB-9490-FED82C39168A}.Release|Any CPU.ActiveCfg = Release|Any CPU
		{6CCEE4AD-2ED7-47DB-9490-FED82C39168A}.Release|Any CPU.Build.0 = Release|Any CPU
		{C7D24714-0444-485B-8A1E-D5997AFD8D7F}.Debug|Any CPU.ActiveCfg = Debug|Any CPU
		{C7D24714-0444-485B-8A1E-D5997AFD8D7F}.Debug|Any CPU.Build.0 = Debug|Any CPU
		{C7D24714-0444-485B-8A1E-D5997AFD8D7F}.Release|Any CPU.ActiveCfg = Release|Any CPU
		{C7D24714-0444-485B-8A1E-D5997AFD8D7F}.Release|Any CPU.Build.0 = Release|Any CPU
		{BE5F0A2B-D6A2-44E3-8C2B-4E2ADB59C2A9}.Debug|Any CPU.ActiveCfg = Debug|Any CPU
		{BE5F0A2B-D6A2-44E3-8C2B-4E2ADB59C2A9}.Debug|Any CPU.Build.0 = Debug|Any CPU
		{BE5F0A2B-D6A2-44E3-8C2B-4E2ADB59C2A9}.Release|Any CPU.ActiveCfg = Release|Any CPU
		{BE5F0A2B-D6A2-44E3-8C2B-4E2ADB59C2A9}.Release|Any CPU.Build.0 = Release|Any CPU
		{D430C83F-43DC-452A-ABB2-59813A4C7FE3}.Debug|Any CPU.ActiveCfg = Debug|Any CPU
		{D430C83F-43DC-452A-ABB2-59813A4C7FE3}.Debug|Any CPU.Build.0 = Debug|Any CPU
		{D430C83F-43DC-452A-ABB2-59813A4C7FE3}.Release|Any CPU.ActiveCfg = Release|Any CPU
		{D430C83F-43DC-452A-ABB2-59813A4C7FE3}.Release|Any CPU.Build.0 = Release|Any CPU
	EndGlobalSection
	GlobalSection(SolutionProperties) = preSolution
		HideSolutionNode = FALSE
	EndGlobalSection
	GlobalSection(ExtensibilityGlobals) = postSolution
		SolutionGuid = {B27817B6-279F-4723-BF63-161F190CF8B2}
	EndGlobalSection
EndGlobal
